Microsoft Visual Studio Solution File, Format Version 11.00
# Visual Studio 2008

Project("{5DFB9F25-B283-8D2C-201E-FF4F612C7DDC}") = "GameJam Version 14", "Assembly-UnityScript.unityproj", "{AD7AF598-FFC5-B94C-B407-B35E1F584257}"
EndProject
Global
	GlobalSection(SolutionConfigurationPlatforms) = preSolution
		Debug|Any CPU = Debug|Any CPU
		Release|Any CPU = Release|Any CPU
	EndGlobalSection
	GlobalSection(ProjectConfigurationPlatforms) = postSolution
		{AD7AF598-FFC5-B94C-B407-B35E1F584257}.Debug|Any CPU.ActiveCfg = Debug|Any CPU
		{AD7AF598-FFC5-B94C-B407-B35E1F584257}.Debug|Any CPU.Build.0 = Debug|Any CPU
		{AD7AF598-FFC5-B94C-B407-B35E1F584257}.Release|Any CPU.ActiveCfg = Release|Any CPU
		{AD7AF598-FFC5-B94C-B407-B35E1F584257}.Release|Any CPU.Build.0 = Release|Any CPU
	EndGlobalSection
	GlobalSection(SolutionProperties) = preSolution
		HideSolutionNode = FALSE
	EndGlobalSection
				GlobalSection(MonoDevelopProperties) = preSolution
		StartupItem = Assembly-CSharp.csproj
		Policies = $0
		$0.TextStylePolicy = $1
		$1.inheritsSet = null
		$1.scope = text/x-csharp
		$0.CSharpFormattingPolicy = $2
		$2.inheritsSet = Mono
		$2.inheritsScope = text/x-csharp
		$2.scope = text/x-csharp
		$0.TextStylePolicy = $3
		$3.FileWidth = 120
		$3.TabWidth = 4
		$3.EolMarker = Unix
		$3.inheritsSet = Mono
		$3.inheritsScope = text/plain
		$3.scope = text/plain
	EndGlobalSection

EndGlobal
